{
  "name": "server",
  "lockfileVersion": 3,
  "requires": true,
  "packages": {
    "": {
      "dependencies": {
        "tree-sitter": "^0.21.1",
        "tree-sitter-java": "^0.23.2"
      }
    },
    "node_modules/node-addon-api": {
      "version": "8.2.1",
      "resolved": "https://registry.npmjs.org/node-addon-api/-/node-addon-api-8.2.1.tgz",
      "integrity": "sha512-vmEOvxwiH8tlOcv4SyE8RH34rI5/nWVaigUeAUPawC6f0+HoDthwI0vkMu4tbtsZrXq6QXFfrkhjofzKEs5tpA==",
      "license": "MIT",
      "engines": {
        "node": "^18 || ^20 || >= 21"
      }
    },
    "node_modules/node-gyp-build": {
      "version": "4.8.2",
      "resolved": "https://registry.npmjs.org/node-gyp-build/-/node-gyp-build-4.8.2.tgz",
      "integrity": "sha512-IRUxE4BVsHWXkV/SFOut4qTlagw2aM8T5/vnTsmrHJvVoKueJHRc/JaFND7QDDc61kLYUJ6qlZM3sqTSyx2dTw==",
      "license": "MIT",
      "bin": {
        "node-gyp-build": "bin.js",
        "node-gyp-build-optional": "optional.js",
        "node-gyp-build-test": "build-test.js"
      }
    },
    "node_modules/tree-sitter": {
      "version": "0.21.1",
      "resolved": "https://registry.npmjs.org/tree-sitter/-/tree-sitter-0.21.1.tgz",
      "integrity": "sha512-7dxoA6kYvtgWw80265MyqJlkRl4yawIjO7S5MigytjELkX43fV2WsAXzsNfO7sBpPPCF5Gp0+XzHk0DwLCq3xQ==",
      "hasInstallScript": true,
      "license": "MIT",
      "dependencies": {
        "node-addon-api": "^8.0.0",
        "node-gyp-build": "^4.8.0"
      }
    },
    "node_modules/tree-sitter-java": {
      "version": "0.23.2",
      "resolved": "https://registry.npmjs.org/tree-sitter-java/-/tree-sitter-java-0.23.2.tgz",
      "integrity": "sha512-JI54R2Geqz0mW0Et+R2XZwWXBG2bYA95HGd2e46dbHglmZIgRvf3TVXUzdlO5RFvRMItnK8POlXjKcwKtsDjzw==",
      "hasInstallScript": true,
      "license": "MIT",
      "dependencies": {
        "node-addon-api": "^8.1.0",
        "node-gyp-build": "^4.8.2"
      },
      "peerDependencies": {
        "tree-sitter": "^0.21.1"
      },
      "peerDependenciesMeta": {
        "tree-sitter": {
          "optional": true
        }
      }
    }
  }
}
